github.com/MichaelTJones/walk v0.0.0-20161122175330-4748e29d5718/go.mod h1:VVwKsx9Dc8rNG55BWqogoJzGubjKnRoXdUvpGbWqeCc=
github.com/aaronland/go-artisanal-integers v0.1.0 h1:WN00aqbjfElOD8dUngFMOdd9wEWW0vyitnOMSRaNqsk=
github.com/aaronland/go-artisanal-integers v0.1.0/go.mod h1:00F0qOpuZZkzWiSSEQYk6Ul1Oc5kwgcYgsfYRmuR+wY=
github.com/aaronland/go-artisanal-integers v0.1.1 h1:bLQmWqcqgPT1NOJFwJtZZ9O/QTnttO54ODiWIVuOW1Y=
github.com/aaronland/go-artisanal-integers v0.1.1/go.mod h1:ZTeFI+Ck+q+Dp11Htld5aU6V+YwEzxzprsBO0t9GPp8=
github.com/aaronland/go-artisanal-integers-proxy v0.1.0 h1:OYJk6iEd3IBpdPOjPaCmF0sN7j6wjKsH65g38lpj4RA=
github.com/aaronland/go-artisanal-integers-proxy v0.1.0/go.mod h1:Dylvjaghl8WY0gA6tOj1YE/X2FXjyDTu9LtAiYXl+oI=
github.com/aaronland/go-artisanal-integers-proxy v0.2.4 h1:mEDcKoVxXRaLckzd+PNrhAnuL1Z1wcA94JERXFJHTFs=
github.com/aaronland/go-artisanal-integers-proxy v0.2.4/go.mod h1:kmvztPXIXR/pb+DL0UYo4yAqxN+hnJ3QXmaZqPNlrYs=
github.com/aaronland/go-auth v0.0.4 h1:9v7WMc92RtJO6n8Xzh9JxNglsM35hZ6Hzs5LHxh4VMs=
github.com/aaronland/go-auth v0.0.4/go.mod h1:8CxLJnSIIxiTo4CKVR+MkRd2T1NTrcO2gzAziD4SJuQ=
github.com/aaronland/go-auth v0.0.5 h1:B0Nh2OPs2P+LwTFfXgLrpgD7syCNgDdZCh5KcQKWTxY=
github.com/aaronland/go-auth v0.0.5/go.mod h1:8CxLJnSIIxiTo4CKVR+MkRd2T1NTrcO2gzAziD4SJuQ=
github.com/aaronland/go-auth v0.0.6 h1:kc+11qZLQj9+AC/MV5tKREJVBLLYLMbFKqtMUZ95KR4=
github.com/aaronland/go-auth v0.0.6/go.mod h1:8CxLJnSIIxiTo4CKVR+MkRd2T1NTrcO2gzAziD4SJuQ=
github.com/aaronland/go-auth v0.0.8 h1:ylx2YcdqX8K3hYM+nHGXlxfV+6Gxloh77muf5VSzytg=
github.com/aaronland/go-auth v0.0.8/go.mod h1:8CxLJnSIIxiTo4CKVR+MkRd2T1NTrcO2gzAziD4SJuQ=
github.com/aaronland/go-auth v0.0.14 h1:ETDBp8BItJ27vxnLVZH6hTWzKUltvqdXCsggauyHPZY=
github.com/aaronland/go-auth v0.0.14/go.mod h1:QoIPpLn1gwsnW1y0cMmJAl3hIgxLNbx+aI+U1PZoseg=
github.com/aaronland/go-aws-session v0.0.2 h1:MtJ0yRpq8Yxo8ZUMAC7DFow8v53pkMRWYiWztLhO/AQ=
github.com/aaronland/go-aws-session v0.0.2/go.mod h1:nc4r+JFoGM6sop/lTspmUDcRIUW/V2NWs9Nd6jQWk90=
github.com/aaronland/go-aws-session v0.0.4 h1:GddU3E4pXAm3JWVjcdgyYhdGaWSRtiZl6Iwwt7+OLcU=
github.com/aaronland/go-aws-session v0.0.4/go.mod h1:1OD+6F7D052nJMkz2tLx5FvMVpreAVU0ye9ur5O+nno=
github.com/aaronland/go-brooklynintegers-api v1.0.1 h1:HrEo98HD5YOfC/slzkROCxMuZTeCpT3srf1G+eO9sX8=
github.com/aaronland/go-brooklynintegers-api v1.0.1/go.mod h1:aZ4tIFeMdAQRSLZYfGdAiDeBWUHDQkFdqZ9091mk8H8=
github.com/aaronland/go-brooklynintegers-api v1.2.1 h1:RLiHE4QOb1oIqyNKgdUpUz05u/a/6LlhTBI0JB1KLws=
github.com/aaronland/go-brooklynintegers-api v1.2.1/go.mod h1:vFyhY89Uc0LDZEaEam5EQ+2La2VlkTvSfExuZgZhmX4=
github.com/aaronland/go-http-cookie v0.0.2/go.mod h1:KF6QghGeR7w7oNqRgvc9ITFQc+iV5N9Y2SbroNkxEPY=
github.com/aaronland/go-http-crumb v0.0.3 h1:OWxjvFRQqKXckfqaFZwbxqQd+uX40H/8a9QKYMFZqGI=
github.com/aaronland/go-http-crumb v0.0.3/go.mod h1:ctEyW8gwewZmT05jWRBm/HWNiwVw6jMyaddgndNs00Q=
github.com/aaronland/go-http-crumb v0.0.5 h1:ZhBkvWUW9wsw+KYnOu0sHAeRpsfY9kj0wh7yA8qGA0M=
github.com/aaronland/go-http-crumb v0.0.5/go.mod h1:tzp6zHKE/pojVXQhcS1J5x5qQkhhxOTvJS2N7S1VVuY=
github.com/aaronland/go-http-rewrite v0.0.1 h1:nQ4qqtOC0QHpEhQeFpRRwdXAEwuhHhgsxQaV3hDT8iw=
github.com/aaronland/go-http-rewrite v0.0.1/go.mod h1:g62jjXpsArD0lzJLs9bVLR9Locdt3f4OmqFkkJL2rQU=
github.com/aaronland/go-http-rewrite v0.0.4/go.mod h1:g62jjXpsArD0lzJLs9bVLR9Locdt3f4OmqFkkJL2rQU=
github.com/aaronland/go-http-rewrite v0.0.6 h1:IGmNgC+VIkOPw9h9kdhqZT48oaUbeaRgGMvy7k3HfPc=
github.com/aaronland/go-http-rewrite v0.0.6/go.mod h1:+Ehclg6SIiQPEJlSv3LR+8rojSSYPLGQuDf2z9bChpY=
github.com/aaronland/go-http-sanitize v0.0.1/go.mod h1:qUi4rzUPcpMntpUFnHK00yQI5vd/Q7x9MFYwX91/ygI=
github.com/aaronland/go-http-sanitize v0.0.2 h1:pBUFT7i9t3q8meBucKFttusQ8GCQwZoWe24CA7Ia/zo=
github.com/aaronland/go-http-sanitize v0.0.2/go.mod h1:qUi4rzUPcpMntpUFnHK00yQI5vd/Q7x9MFYwX91/ygI=
github.com/aaronland/go-http-sanitize v0.0.4 h1:oAYe5DbtbDS6x5Rygv5II6fDHzATGIAyY4/ZDZ63G2w=
github.com/aaronland/go-http-sanitize v0.0.4/go.mod h1:qUi4rzUPcpMntpUFnHK00yQI5vd/Q7x9MFYwX91/ygI=
github.com/aaronland/go-londonintegers-api v0.1.0 h1:YcP3lAQcBym4s2BMKlLT96CZWvhDMRmo/UyAL2/gN5A=
github.com/aaronland/go-londonintegers-api v0.1.0/go.mod h1:E0VIcwks+So4FL1FYAQzrO5/OVOUsFPsqW85UrZArSE=
github.com/aaronland/go-londonintegers-api v0.1.1 h1:/pRWI1FvcOuxsTkK4HY6xUiMPWQlQC7aozJTmf6f2Rk=
github.com/aaronland/go-londonintegers-api v0.1.1/go.mod h1:N7Y0jrx+ouRAMrFcdH4nvJH6vrszj8/3yOOe0F8EV1E=
github.com/aaronland/go-missionintegers-api v0.1.0 h1:huuTG5CaJBye+Eng+kSxbKwm2SBmeM1YMkO6C+eTVbo=
github.com/aaronland/go-missionintegers-api v0.1.0/go.mod h1:LZEM5+MkPX5RehLxTEv+3Y3cqMSYEk86qBa+aVecnKw=
github.com/aaronland/go-missionintegers-api v0.1.1 h1:zn6ohxxdUp3UXD8kv7ZXceS6CbGemtyDjvMT1VLezKI=
github.com/aaronland/go-missionintegers-api v0.1.1/go.mod h1:CvByrizvklOxK6QD+Z4RNqACxHqqVjiB/GdWQfrB4Mc=
github.com/aaronland/go-password v0.0.2 h1:4cQDcaFxVqnmaXVx0pcyjLSaZ5IAXQcHV6F9kl87kM4=
github.com/aaronland/go-password v0.0.2/go.mod h1:DZ4DdO333/dkvvJFGAUcrB0ZuxCVTSSyFPmMyeSXk+M=
github.com/aaronland/go-password v0.1.0 h1:NjZ3WJJQGL19WCKPV0S2n0He2O+Dz4fy93yIlNHlpq4=
github.com/aaronland/go-password v0.1.0/go.mod h1:FRX0ilqGIaiXNYA3GdYiHgvxY5q7ybU7z6jAqEJKl60=
github.com/aaronland/go-pool v0.0.0-20191128211702-88306299c758 h1:m/JUyvxsCbgOyhecvs9WXFvZy9dj8BKu4T96J53d/ao=
github.com/aaronland/go-pool v0.0.0-20191128211702-88306299c758/go.mod h1:hL9EPOZJ6WVHaz7D0Jw1Dn1vaCOOSZNrYBTKMgDKYRk=
github.com/aaronland/go-roster v0.0.1/go.mod h1:AcovpxlG1XxJxX2Fjqlm63fEIBhCjEIBV4lP87FZDmI=
github.com/aaronland/go-roster v0.0.2 h1:2Fu7v4VQLRLRL/Zgr6R9S5JxsW75Ab/K88QtMVX532s=
github.com/aaronland/go-roster v0.0.2/go.mod h1:AcovpxlG1XxJxX2Fjqlm63fEIBhCjEIBV4lP87FZDmI=
github.com/aaronland/go-secretbox v0.1.0/go.mod h1:HdQrEPwc1KCsqMzmC6OCDFt31JnDhkTl3waaHTXYW3g=
github.com/aaronland/go-string v0.1.0 h1:HU6OHmEpN2m9b5SOIwU6HoOq87Fvemj/0g6DTp8yzpk=
github.com/aaronland/go-string v0.1.0/go.mod h1:2aMIWdTqk63jZsaLLy+p9dsB1MDRqx4sHYoLtkwyYUo=
github.com/aaronland/go-string v0.1.1/go.mod h1:2aMIWdTqk63jZsaLLy+p9dsB1MDRqx4sHYoLtkwyYUo=
github.com/aaronland/go-string v0.1.2 h1:RSr/mQNbLgF37H0RV+nF7j2kILRRFkCmr8Jwq4lw92k=
github.com/aaronland/go-string v0.1.2/go.mod h1:2aMIWdTqk63jZsaLLy+p9dsB1MDRqx4sHYoLtkwyYUo=
github.com/aaronland/go-ucd v0.0.0-20190520134908-684059ca9156 h1:SsNFRFNm6Gn8DgDZIcImpIXtjeH1Ak2s1SLoVby0dwg=
github.com/aaronland/go-ucd v0.0.0-20190520134908-684059ca9156/go.mod h1:DoKBDoY4iuDSNErkKy6n1SRdUEOLwTm2gy7X3GtUQaI=
github.com/aaronland/go-ucd-username v0.1.0 h1:RBB9zQZ6JatzxYBr3HX3D8SGar6cTDfywFA/Wt03KPw=
github.com/aaronland/go-ucd-username v0.1.0/go.mod h1:JpbSY0soyKJ/gpQNMJQ09qErYXbHFRr9oIDreVoiXVc=
github.com/akrylysov/algnhsa v0.0.0-20190319020909-05b3d192e9a7/go.mod h1:HhzjNA0EjUWcwHTUMwqrpeAdIF3gRmpH0HpWx1hYJSc=
github.com/aws/aws-lambda-go v1.9.0/go.mod h1:zUsUQhAUjYzR8AuduJPCfhBuKWUaDbQiPOG+ouzmE1A=
github.com/aws/aws-lambda-go v1.10.0/go.mod h1:zUsUQhAUjYzR8AuduJPCfhBuKWUaDbQiPOG+ouzmE1A=
github.com/aws/aws-sdk-go v1.20.6/go.mod h1:KmX6BPdI08NWTb3/sm4ZGu5ShLoqVDhKgpiN924inxo=
github.com/aws/aws-sdk-go v1.20.7 h1:fRjZRYJg0wPCA8yaDdb3DeP4rVjjmEiuqYhYoqOaIJg=
github.com/aws/aws-sdk-go v1.20.7/go.mod h1:KmX6BPdI08NWTb3/sm4ZGu5ShLoqVDhKgpiN924inxo=
github.com/aws/aws-sdk-go v1.25.34/go.mod h1:KmX6BPdI08NWTb3/sm4ZGu5ShLoqVDhKgpiN924inxo=
github.com/aws/aws-sdk-go v1.35.2 h1:qK+noh6b9KW+5CP1NmmWsQCUbnzucSGrjHEs69MEl6A=
github.com/aws/aws-sdk-go v1.35.2/go.mod h1:H7NKnBqNVzoTJpGfLrQkkD+ytBA93eiDYi/+8rV9s48=
github.com/boombuler/barcode v1.0.1-0.20190219062509-6c824513bacc h1:biVzkmvwrH8WK8raXaxBx6fRVTlJILwEwQGL1I/ByEI=
github.com/boombuler/barcode v1.0.1-0.20190219062509-6c824513bacc/go.mod h1:paBWMcWSl3LHKBqUq+rly7CNSldXjb2rDl3JlRe0mD8=
github.com/cenkalti/backoff/v4 v4.0.0 h1:6VeaLF9aI+MAUQ95106HwWzYZgJJpZ4stumjj6RFYAU=
github.com/cenkalti/backoff/v4 v4.0.0/go.mod h1:eEew/i+1Q6OrCDZh3WiXYv3+nJwBASZ8Bog/87DQnVg=
github.com/cooperhewitt/go-ucd v0.0.0-20170323200852-c4101e1ef9a6 h1:P3t+wrVJz+Cey5VNf/8SYv56kniN8+feDX8dUgSRsA0=
github.com/cooperhewitt/go-ucd v0.0.0-20170323200852-c4101e1ef9a6/go.mod h1:76WUZ+6G1smA8yhoi9mNx95mpMvIPIpeEDAZrEFRK30=
github.com/davecgh/go-spew v1.1.0/go.mod h1:J7Y8YcW2NihsgmVo/mv3lAwl/skON4iLHjSsI+c5H38=
github.com/davecgh/go-spew v1.1.1/go.mod h1:J7Y8YcW2NihsgmVo/mv3lAwl/skON4iLHjSsI+c5H38=
github.com/go-sql-driver/mysql v1.5.0/go.mod h1:DCzpHaOWr8IXmIStZouvnhqoel9Qv2LBy8hT2VhHyBg=
github.com/jmespath/go-jmespath v0.0.0-20180206201540-c2b33e8439af h1:pmfjZENx5imkbgOkpRUYLnmbU7UEFbjtDA2hxJ1ichM=
github.com/jmespath/go-jmespath v0.0.0-20180206201540-c2b33e8439af/go.mod h1:Nht3zPeWKUH0NzdCt2Blrr5ys8VGpn0CEB0cQHVjt7k=
github.com/jmespath/go-jmespath v0.4.0 h1:BEgLn5cpjn8UN1mAw4NjwDrS35OdebyEtFe+9YPoQUg=
github.com/jmespath/go-jmespath v0.4.0/go.mod h1:T8mJZnbsbmF+m6zOOFylbeCJqk5+pHWvzYPziyZiYoo=
github.com/jmespath/go-jmespath/internal/testify v1.5.1/go.mod h1:L3OGu8Wl2/fWfCI6z80xFu9LTZmf1ZRjMHUOPmWr69U=
github.com/patrickmn/go-hmaccrypt v0.0.0-20150313143312-a45a9e4beb6c h1:JXMHNsDQzjVRN9Cvci1CA24DuS5nT/9sF0ap15/NpN0=
github.com/patrickmn/go-hmaccrypt v0.0.0-20150313143312-a45a9e4beb6c/go.mod h1:rUAje1qWC9d7aMw9h8/fvyvZ++gOZg3oMuquZCF/omM=
github.com/pkg/errors v0.9.1/go.mod h1:bwawxfHBFNV+L2hUp1rHADufV3IMtnDRdf1r5NINEl0=
github.com/pmezard/go-difflib v1.0.0/go.mod h1:iKH77koFhYxTK1pcRnkKkqfTogsbg7gZNVY4sRDYZ/4=
github.com/pquerna/otp v1.2.0 h1:/A3+Jn+cagqayeR3iHs/L62m5ue7710D35zl1zJ1kok=
github.com/pquerna/otp v1.2.0/go.mod h1:dkJfzwRKNiegxyNb54X/3fLwhCynbMspSyWKnvi1AEg=
github.com/stretchr/objx v0.1.0/go.mod h1:HFkY916IF+rwdDfMAkV7OtwuqBVzrE8GR6GFx+wExME=
github.com/stretchr/testify v1.3.0/go.mod h1:M5WIy9Dh21IEIfnGCwXGc5bZfKNJtfHm1UVUgZn+9EI=
github.com/stretchr/testify v1.5.1/go.mod h1:5W2xD1RspED5o8YsWQXVCued0rvSQ+mT+I5cxcmMvtA=
github.com/tidwall/gjson v1.2.1 h1:j0efZLrZUvNerEf6xqoi0NjWMK5YlLrR7Guo/dxY174=
github.com/tidwall/gjson v1.2.1/go.mod h1:c/nTNbUr0E0OrXEhq1pwa8iEgc2DOt4ZZqAt1HtCkPA=
github.com/tidwall/gjson v1.3.5 h1:2oW9FBNu8qt9jy5URgrzsVx/T/KSn3qn/smJQ0crlDQ=
github.com/tidwall/gjson v1.3.5/go.mod h1:P256ACg0Mn+j1RXIDXoss50DeIABTYK1PULOJHhxOls=
github.com/tidwall/match v1.0.1 h1:PnKP62LPNxHKTwvHHZZzdOAOCtsJTjo6dZLCwpKm5xc=
github.com/tidwall/match v1.0.1/go.mod h1:LujAq0jyVjBy028G1WhWfIzbpQfMO8bBZ6Tyb0+pL9E=
github.com/tidwall/pretty v0.0.0-20190325000000-1166b9ac2b65e46a43d8618d30d1554f4652d49b/go.mod h1:XNkn88O1ChpSDQmQeStsy+sBenx6DDtFZJxhVysOjyk=
github.com/tidwall/pretty v0.0.0-20190325153808-1166b9ac2b65 h1:rQ229MBgvW68s1/g6f1/63TgYwYxfF4E+bi/KC19P8g=
github.com/tidwall/pretty v0.0.0-20190325153808-1166b9ac2b65/go.mod h1:XNkn88O1ChpSDQmQeStsy+sBenx6DDtFZJxhVysOjyk=
github.com/tidwall/pretty v1.0.0 h1:HsD+QiTn7sK6flMKIvNmpqz1qrpP3Ps6jOKIKMooyg4=
github.com/tidwall/pretty v1.0.0/go.mod h1:XNkn88O1ChpSDQmQeStsy+sBenx6DDtFZJxhVysOjyk=
github.com/whosonfirst/algnhsa v0.1.0/go.mod h1:swLBXxaVTv3s6dJLhekdQCuCTshUew+xHjptRC21RG0=
github.com/whosonfirst/go-sanitize v0.1.0 h1:ygSqCnakwdzH/m8UEa15zXGDsoo5/JJeRkgmAjXZrBU=
github.com/whosonfirst/go-sanitize v0.1.0/go.mod h1:p/emgbafMM0p5iVAz2XWwecYPl06Tw4Jos9rhTKIrt8=
github.com/whosonfirst/go-whosonfirst-log v0.1.0 h1:mWYI5hn16uyeLxBmPsLSvYV4rQKK/cxGVhM+bC2ZoGc=
github.com/whosonfirst/go-whosonfirst-log v0.1.0/go.mod h1:pmgBbxZSnjGVy2nsUJBBMcFagxwIKLlmRsW7ClkXmac=
github.com/whosonfirst/go-whosonfirst-pool v0.1.0 h1:pwbGycsy/UqK6DJ29tTwnl6wnYYfcaJmsGD+If8un6E=
github.com/whosonfirst/go-whosonfirst-pool v0.1.0/go.mod h1:6LeQYv7hVK16LVevMuOuaLRfgI3JDtaoVxaMMVqRS38=
github.com/whosonfirst/walk v0.0.0-20160803014805-c0a349674b73/go.mod h1:U/1VXxlMzNZbyylg18AzEeHkGi1RXiBCMKpaM2XR+tQ=
github.com/whosonfirst/walk v0.0.1/go.mod h1:1KtP/VeooSlFOI61p+THc/C16Ra8Z5MjpjI0tsd3c1M=
go.uber.org/atomic v1.6.0/go.mod h1:sABNBOSYdrvTF6hTgEIbc7YasKWGhgEQZyfxyTvoXHQ=
go.uber.org/ratelimit v0.1.0 h1:U2AruXqeTb4Eh9sYQSTrMhH8Cb7M0Ian2ibBOnBcnAw=
go.uber.org/ratelimit v0.1.0/go.mod h1:2X8KaoNd1J0lZV+PxJk/5+DGbO/tpwLR1m++a7FnB/Y=
golang.org/x/crypto v0.0.0-20190308221718-c2843e01d9a2/go.mod h1:djNgcEr1/C05ACkg1iLfiJU5Ep61QUkGW8qpdssI0+w=
golang.org/x/crypto v0.0.0-20190701094942-4def268fd1a4 h1:HuIa8hRrWRSrqYzx1qI49NNxhdi2PrY7gxVSq1JjLDc=
golang.org/x/crypto v0.0.0-20190701094942-4def268fd1a4/go.mod h1:yigFU9vqHzYiE8UmvKecakEJjdnWj3jj499lnFckfCI=
golang.org/x/crypto v0.0.0-20200510223506-06a226fb4e37/go.mod h1:LzIPMQfyMNhhGPhUkYOs5KpL4U8rLKemX1yGLhDgUto=
golang.org/x/crypto v0.0.0-20200622213623-75b288015ac9 h1:psW17arqaxU48Z5kZ0CQnkZWQJsqcURM6tKiBApRjXI=
golang.org/x/crypto v0.0.0-20200622213623-75b288015ac9/go.mod h1:LzIPMQfyMNhhGPhUkYOs5KpL4U8rLKemX1yGLhDgUto=
golang.org/x/lint v0.0.0-20190930215403-16217165b5de/go.mod h1:6SW0HCj/g11FgYtHlgUYUwCkIfeOF89ocIRzGO/8vkc=
golang.org/x/net v0.0.0-20190311183353-d8887717615a/go.mod h1:t9HGtf8HONx5eT2rtn7q6eTqICYqUVnKs3thJo3Qplg=
golang.org/x/net v0.0.0-20190404232315-eb5bcb51f2a3/go.mod h1:t9HGtf8HONx5eT2rtn7q6eTqICYqUVnKs3thJo3Qplg=
golang.org/x/net v0.0.0-20190613194153-d28f0bde5980/go.mod h1:z5CRVTTTmAJ677TzLLGU+0bjPO0LkuOLi4/5GtJWs/s=
golang.org/x/net v0.0.0-20190620200207-3b0461eec859 h1:R/3boaszxrf1GEUWTVDzSKVwLmSJpwZ1yqXm8j0v2QI=
golang.org/x/net v0.0.0-20190620200207-3b0461eec859/go.mod h1:z5CRVTTTmAJ677TzLLGU+0bjPO0LkuOLi4/5GtJWs/s=
golang.org/x/net v0.0.0-20200202094626-16171245cfb2/go.mod h1:z5CRVTTTmAJ677TzLLGU+0bjPO0LkuOLi4/5GtJWs/s=
golang.org/x/net v0.0.0-20201002202402-0a1ea396d57c h1:dk0ukUIHmGHqASjP0iue2261isepFCC6XRCSd1nHgDw=
golang.org/x/net v0.0.0-20201002202402-0a1ea396d57c/go.mod h1:iQL9McJNjoIa5mjH6nYTCTZXUN6RP+XW3eib7Ya3XcI=
golang.org/x/sync v0.0.0-20190423024810-112230192c58/go.mod h1:RxMgew5VJxzue5/jJTE5uejpjVlOe/izrB70Jof72aM=
golang.org/x/sys v0.0.0-20190215142949-d0b11bdaac8a/go.mod h1:STP8DvDyc/dI5b8T5hshtkjS+E42TnysNCUPdjciGhY=
golang.org/x/sys v0.0.0-20190412213103-97732733099d/go.mod h1:h1NjWce9XRLGQEsW7wpKNCjG9DtNlClVuFLEZdDNbEs=
golang.org/x/sys v0.0.0-20190516110030-61b9204099cb h1:k07iPOt0d6nEnwXF+kHB+iEg+WSuKe/SOQuFM2QoD+E=
golang.org/x/sys v0.0.0-20190516110030-61b9204099cb/go.mod h1:h1NjWce9XRLGQEsW7wpKNCjG9DtNlClVuFLEZdDNbEs=
golang.org/x/sys v0.0.0-20200930185726-fdedc70b468f h1:+Nyd8tzPX9R7BWHguqsrbFdRx3WQ/1ib8I44HXV5yTA=
golang.org/x/sys v0.0.0-20200930185726-fdedc70b468f/go.mod h1:h1NjWce9XRLGQEsW7wpKNCjG9DtNlClVuFLEZdDNbEs=
golang.org/x/text v0.3.0/go.mod h1:NqM8EUOU14njkJ3fqMW+pc6Ldnwhi/IjpwHt7yyuwOQ=
golang.org/x/tools v0.0.0-20190311212946-11955173bddd/go.mod h1:LCzVGOaR6xXOjkQ3onu1FJEFr0SW1gC7cKk1uF8kGRs=
golang.org/x/tools v0.0.0-20190312164927-7b79afddac43/go.mod h1:LCzVGOaR6xXOjkQ3onu1FJEFr0SW1gC7cKk1uF8kGRs=
golang.org/x/tools v0.0.0-20191029041327-9cc4af7d6b2c/go.mod h1:b+2E5dAYhXwXZwtnZ6UAqBI28+e2cm9otk0dWdXHAEo=
golang.org/x/tour v0.0.0-20190611164551-1f1f3d2b450b h1:bgv1f2oNbACpVljuhW+2TH0Pz7TJRyEYUHDvKTdtbaU=
golang.org/x/tour v0.0.0-20190611164551-1f1f3d2b450b/go.mod h1:qMugOFWX59KzC8Nx7f2uvXxKxAqJfi1J6ZUHAWKnrRA=
golang.org/x/xerrors v0.0.0-20190717185122-a985d3407aa7/go.mod h1:I/5z698sn9Ka8TeJc9MKroUUfqBBauWjQqLJ2OPfmY0=
gopkg.in/check.v1 v0.0.0-20161208181325-20d25e280405/go.mod h1:Co6ibVJAznAaIkqp8huTwlJQCZ016jof/cbN4VW5Yz0=
gopkg.in/yaml.v2 v2.2.2/go.mod h1:hI93XBmqTisBFMUTm0b8Fm+jr3Dg1NNxqwp+5A1VGuI=
gopkg.in/yaml.v2 v2.2.8/go.mod h1:hI93XBmqTisBFMUTm0b8Fm+jr3Dg1NNxqwp+5A1VGuI=
